// !$*UTF8*$!
{
	archiveVersion = 1;
	classes = {
	};
	objectVersion = 56;
	objects = {

/* Begin PBXBuildFile section */
		E6625ACD295466DE0052864C /* StravatarApp.swift in Sources */ = {isa = PBXBuildFile; fileRef = E6625ACC295466DE0052864C /* StravatarApp.swift */; };
		E6625AD1295466DF0052864C /* Assets.xcassets in Resources */ = {isa = PBXBuildFile; fileRef = E6625AD0295466DF0052864C /* Assets.xcassets */; };
		E6625AD5295466DF0052864C /* Preview Assets.xcassets in Resources */ = {isa = PBXBuildFile; fileRef = E6625AD4295466DF0052864C /* Preview Assets.xcassets */; };
		E6625ADF295466E00052864C /* StravatarTests.swift in Sources */ = {isa = PBXBuildFile; fileRef = E6625ADE295466E00052864C /* StravatarTests.swift */; };
		E6625AE9295466E00052864C /* StravatarUITests.swift in Sources */ = {isa = PBXBuildFile; fileRef = E6625AE8295466E00052864C /* StravatarUITests.swift */; };
		E6625AEB295466E00052864C /* StravatarUITestsLaunchTests.swift in Sources */ = {isa = PBXBuildFile; fileRef = E6625AEA295466E00052864C /* StravatarUITestsLaunchTests.swift */; };
		E6625AF9295467600052864C /* ComposableArchitecture in Frameworks */ = {isa = PBXBuildFile; productRef = E6625AF8295467600052864C /* ComposableArchitecture */; };
		E6625AFB295467600052864C /* Dependencies in Frameworks */ = {isa = PBXBuildFile; productRef = E6625AFA295467600052864C /* Dependencies */; };
/* End PBXBuildFile section */

/* Begin PBXContainerItemProxy section */
		E6625ADB295466E00052864C /* PBXContainerItemProxy */ = {
			isa = PBXContainerItemProxy;
			containerPortal = E6625AC1295466DE0052864C /* Project object */;
			proxyType = 1;
			remoteGlobalIDString = E6625AC8295466DE0052864C;
			remoteInfo = Stravatar;
		};
		E6625AE5295466E00052864C /* PBXContainerItemProxy */ = {
			isa = PBXContainerItemProxy;
			containerPortal = E6625AC1295466DE0052864C /* Project object */;
			proxyType = 1;
			remoteGlobalIDString = E6625AC8295466DE0052864C;
			remoteInfo = Stravatar;
		};
/* End PBXContainerItemProxy section */

/* Begin PBXFileReference section */
		E6625AC9295466DE0052864C /* Stravatar.app */ = {isa = PBXFileReference; explicitFileType = wrapper.application; includeInIndex = 0; path = Stravatar.app; sourceTree = BUILT_PRODUCTS_DIR; };
		E6625ACC295466DE0052864C /* StravatarApp.swift */ = {isa = PBXFileReference; lastKnownFileType = sourcecode.swift; path = StravatarApp.swift; sourceTree = "<group>"; };
		E6625AD0295466DF0052864C /* Assets.xcassets */ = {isa = PBXFileReference; lastKnownFileType = folder.assetcatalog; path = Assets.xcassets; sourceTree = "<group>"; };
		E6625AD2295466DF0052864C /* Stravatar.entitlements */ = {isa = PBXFileReference; lastKnownFileType = text.plist.entitlements; path = Stravatar.entitlements; sourceTree = "<group>"; };
		E6625AD4295466DF0052864C /* Preview Assets.xcassets */ = {isa = PBXFileReference; lastKnownFileType = folder.assetcatalog; path = "Preview Assets.xcassets"; sourceTree = "<group>"; };
		E6625ADA295466E00052864C /* StravatarTests.xctest */ = {isa = PBXFileReference; explicitFileType = wrapper.cfbundle; includeInIndex = 0; path = StravatarTests.xctest; sourceTree = BUILT_PRODUCTS_DIR; };
		E6625ADE295466E00052864C /* StravatarTests.swift */ = {isa = PBXFileReference; lastKnownFileType = sourcecode.swift; path = StravatarTests.swift; sourceTree = "<group>"; };
		E6625AE4295466E00052864C /* StravatarUITests.xctest */ = {isa = PBXFileReference; explicitFileType = wrapper.cfbundle; includeInIndex = 0; path = StravatarUITests.xctest; sourceTree = BUILT_PRODUCTS_DIR; };
		E6625AE8295466E00052864C /* StravatarUITests.swift */ = {isa = PBXFileReference; lastKnownFileType = sourcecode.swift; path = StravatarUITests.swift; sourceTree = "<group>"; };
		E6625AEA295466E00052864C /* StravatarUITestsLaunchTests.swift */ = {isa = PBXFileReference; lastKnownFileType = sourcecode.swift; path = StravatarUITestsLaunchTests.swift; sourceTree = "<group>"; };
/* End PBXFileReference section */

/* Begin PBXFrameworksBuildPhase section */
		E6625AC6295466DE0052864C /* Frameworks */ = {
			isa = PBXFrameworksBuildPhase;
			buildActionMask = 2147483647;
			files = (
				E6625AF9295467600052864C /* ComposableArchitecture in Frameworks */,
				E6625AFB295467600052864C /* Dependencies in Frameworks */,
			);
			runOnlyForDeploymentPostprocessing = 0;
		};
		E6625AD7295466E00052864C /* Frameworks */ = {
			isa = PBXFrameworksBuildPhase;
			buildActionMask = 2147483647;
			files = (
			);
			runOnlyForDeploymentPostprocessing = 0;
		};
		E6625AE1295466E00052864C /* Frameworks */ = {
			isa = PBXFrameworksBuildPhase;
			buildActionMask = 2147483647;
			files = (
			);
			runOnlyForDeploymentPostprocessing = 0;
		};
/* End PBXFrameworksBuildPhase section */

/* Begin PBXGroup section */
		E6625AC0295466DE0052864C = {
			isa = PBXGroup;
			children = (
				E6625ACB295466DE0052864C /* Stravatar */,
				E6625ADD295466E00052864C /* StravatarTests */,
				E6625AE7295466E00052864C /* StravatarUITests */,
				E6625ACA295466DE0052864C /* Products */,
			);
			sourceTree = "<group>";
		};
		E6625ACA295466DE0052864C /* Products */ = {
			isa = PBXGroup;
			children = (
				E6625AC9295466DE0052864C /* Stravatar.app */,
				E6625ADA295466E00052864C /* StravatarTests.xctest */,
				E6625AE4295466E00052864C /* StravatarUITests.xctest */,
			);
			name = Products;
			sourceTree = "<group>";
		};
		E6625ACB295466DE0052864C /* Stravatar */ = {
			isa = PBXGroup;
			children = (
				E6625ACC295466DE0052864C /* StravatarApp.swift */,
				E6625AD0295466DF0052864C /* Assets.xcassets */,
				E6625AD2295466DF0052864C /* Stravatar.entitlements */,
				E6625AD3295466DF0052864C /* Preview Content */,
			);
			path = Stravatar;
			sourceTree = "<group>";
		};
		E6625AD3295466DF0052864C /* Preview Content */ = {
			isa = PBXGroup;
			children = (
				E6625AD4295466DF0052864C /* Preview Assets.xcassets */,
			);
			path = "Preview Content";
			sourceTree = "<group>";
		};
		E6625ADD295466E00052864C /* StravatarTests */ = {
			isa = PBXGroup;
			children = (
				E6625ADE295466E00052864C /* StravatarTests.swift */,
			);
			path = StravatarTests;
			sourceTree = "<group>";
		};
		E6625AE7295466E00052864C /* StravatarUITests */ = {
			isa = PBXGroup;
			children = (
				E6625AE8295466E00052864C /* StravatarUITests.swift */,
				E6625AEA295466E00052864C /* StravatarUITestsLaunchTests.swift */,
			);
			path = StravatarUITests;
			sourceTree = "<group>";
		};
/* End PBXGroup section */

/* Begin PBXNativeTarget section */
		E6625AC8295466DE0052864C /* Stravatar */ = {
			isa = PBXNativeTarget;
			buildConfigurationList = E6625AEE295466E00052864C /* Build configuration list for PBXNativeTarget "Stravatar" */;
			buildPhases = (
				E6625AC5295466DE0052864C /* Sources */,
				E6625AC6295466DE0052864C /* Frameworks */,
				E6625AC7295466DE0052864C /* Resources */,
			);
			buildRules = (
			);
			dependencies = (
			);
			name = Stravatar;
			packageProductDependencies = (
				E6625AF8295467600052864C /* ComposableArchitecture */,
				E6625AFA295467600052864C /* Dependencies */,
			);
			productName = Stravatar;
			productReference = E6625AC9295466DE0052864C /* Stravatar.app */;
			productType = "com.apple.product-type.application";
		};
		E6625AD9295466E00052864C /* StravatarTests */ = {
			isa = PBXNativeTarget;
			buildConfigurationList = E6625AF1295466E00052864C /* Build configuration list for PBXNativeTarget "StravatarTests" */;
			buildPhases = (
				E6625AD6295466E00052864C /* Sources */,
				E6625AD7295466E00052864C /* Frameworks */,
				E6625AD8295466E00052864C /* Resources */,
			);
			buildRules = (
			);
			dependencies = (
				E6625ADC295466E00052864C /* PBXTargetDependency */,
			);
			name = StravatarTests;
			productName = StravatarTests;
			productReference = E6625ADA295466E00052864C /* StravatarTests.xctest */;
			productType = "com.apple.product-type.bundle.unit-test";
		};
		E6625AE3295466E00052864C /* StravatarUITests */ = {
			isa = PBXNativeTarget;
			buildConfigurationList = E6625AF4295466E00052864C /* Build configuration list for PBXNativeTarget "StravatarUITests" */;
			buildPhases = (
				E6625AE0295466E00052864C /* Sources */,
				E6625AE1295466E00052864C /* Frameworks */,
				E6625AE2295466E00052864C /* Resources */,
			);
			buildRules = (
			);
			dependencies = (
				E6625AE6295466E00052864C /* PBXTargetDependency */,
			);
			name = StravatarUITests;
			productName = StravatarUITests;
			productReference = E6625AE4295466E00052864C /* StravatarUITests.xctest */;
			productType = "com.apple.product-type.bundle.ui-testing";
		};
/* End PBXNativeTarget section */

/* Begin PBXProject section */
		E6625AC1295466DE0052864C /* Project object */ = {
			isa = PBXProject;
			attributes = {
				BuildIndependentTargetsInParallel = 1;
				LastSwiftUpdateCheck = 1410;
				LastUpgradeCheck = 1410;
				TargetAttributes = {
					E6625AC8295466DE0052864C = {
						CreatedOnToolsVersion = 14.1;
					};
					E6625AD9295466E00052864C = {
						CreatedOnToolsVersion = 14.1;
						TestTargetID = E6625AC8295466DE0052864C;
					};
					E6625AE3295466E00052864C = {
						CreatedOnToolsVersion = 14.1;
						TestTargetID = E6625AC8295466DE0052864C;
					};
				};
			};
			buildConfigurationList = E6625AC4295466DE0052864C /* Build configuration list for PBXProject "Stravatar" */;
			compatibilityVersion = "Xcode 14.0";
			developmentRegion = en;
			hasScannedForEncodings = 0;
			knownRegions = (
				en,
				Base,
			);
			mainGroup = E6625AC0295466DE0052864C;
			packageReferences = (
				E6625AF7295467600052864C /* XCRemoteSwiftPackageReference "swift-composable-architecture" */,
			);
			productRefGroup = E6625ACA295466DE0052864C /* Products */;
			projectDirPath = "";
			projectRoot = "";
			targets = (
				E6625AC8295466DE0052864C /* Stravatar */,
				E6625AD9295466E00052864C /* StravatarTests */,
				E6625AE3295466E00052864C /* StravatarUITests */,
			);
		};
/* End PBXProject section */

/* Begin PBXResourcesBuildPhase section */
		E6625AC7295466DE0052864C /* Resources */ = {
			isa = PBXResourcesBuildPhase;
			buildActionMask = 2147483647;
			files = (
				E6625AD5295466DF0052864C /* Preview Assets.xcassets in Resources */,
				E6625AD1295466DF0052864C /* Assets.xcassets in Resources */,
			);
			runOnlyForDeploymentPostprocessing = 0;
		};
		E6625AD8295466E00052864C /* Resources */ = {
			isa = PBXResourcesBuildPhase;
			buildActionMask = 2147483647;
			files = (
			);
			runOnlyForDeploymentPostprocessing = 0;
		};
		E6625AE2295466E00052864C /* Resources */ = {
			isa = PBXResourcesBuildPhase;
			buildActionMask = 2147483647;
			files = (
			);
			runOnlyForDeploymentPostprocessing = 0;
		};
/* End PBXResourcesBuildPhase section */

/* Begin PBXSourcesBuildPhase section */
		E6625AC5295466DE0052864C /* Sources */ = {
			isa = PBXSourcesBuildPhase;
			buildActionMask = 2147483647;
			files = (
				E6625ACD295466DE0052864C /* StravatarApp.swift in Sources */,
			);
			runOnlyForDeploymentPostprocessing = 0;
		};
		E6625AD6295466E00052864C /* Sources */ = {
			isa = PBXSourcesBuildPhase;
			buildActionMask = 2147483647;
			files = (
				E6625ADF295466E00052864C /* StravatarTests.swift in Sources */,
			);
			runOnlyForDeploymentPostprocessing = 0;
		};
		E6625AE0295466E00052864C /* Sources */ = {
			isa = PBXSourcesBuildPhase;
			buildActionMask = 2147483647;
			files = (
				E6625AE9295466E00052864C /* StravatarUITests.swift in Sources */,
				E6625AEB295466E00052864C /* StravatarUITestsLaunchTests.swift in Sources */,
			);
			runOnlyForDeploymentPostprocessing = 0;
		};
/* End PBXSourcesBuildPhase section */

/* Begin PBXTargetDependency section */
		E6625ADC295466E00052864C /* PBXTargetDependency */ = {
			isa = PBXTargetDependency;
			target = E6625AC8295466DE0052864C /* Stravatar */;
			targetProxy = E6625ADB295466E00052864C /* PBXContainerItemProxy */;
		};
		E6625AE6295466E00052864C /* PBXTargetDependency */ = {
			isa = PBXTargetDependency;
			target = E6625AC8295466DE0052864C /* Stravatar */;
			targetProxy = E6625AE5295466E00052864C /* PBXContainerItemProxy */;
		};
/* End PBXTargetDependency section */

/* Begin XCBuildConfiguration section */
		E6625AEC295466E00052864C /* Debug */ = {
			isa = XCBuildConfiguration;
			buildSettings = {
				ALWAYS_SEARCH_USER_PATHS = NO;
				CLANG_ANALYZER_NONNULL = YES;
				CLANG_ANALYZER_NUMBER_OBJECT_CONVERSION = YES_AGGRESSIVE;
				CLANG_CXX_LANGUAGE_STANDARD = "gnu++20";
				CLANG_ENABLE_MODULES = YES;
				CLANG_ENABLE_OBJC_ARC = YES;
				CLANG_ENABLE_OBJC_WEAK = YES;
				CLANG_WARN_BLOCK_CAPTURE_AUTORELEASING = YES;
				CLANG_WARN_BOOL_CONVERSION = YES;
				CLANG_WARN_COMMA = YES;
				CLANG_WARN_CONSTANT_CONVERSION = YES;
				CLANG_WARN_DEPRECATED_OBJC_IMPLEMENTATIONS = YES;
				CLANG_WARN_DIRECT_OBJC_ISA_USAGE = YES_ERROR;
				CLANG_WARN_DOCUMENTATION_COMMENTS = YES;
				CLANG_WARN_EMPTY_BODY = YES;
				CLANG_WARN_ENUM_CONVERSION = YES;
				CLANG_WARN_INFINITE_RECURSION = YES;
				CLANG_WARN_INT_CONVERSION = YES;
				CLANG_WARN_NON_LITERAL_NULL_CONVERSION = YES;
				CLANG_WARN_OBJC_IMPLICIT_RETAIN_SELF = YES;
				CLANG_WARN_OBJC_LITERAL_CONVERSION = YES;
				CLANG_WARN_OBJC_ROOT_CLASS = YES_ERROR;
				CLANG_WARN_QUOTED_INCLUDE_IN_FRAMEWORK_HEADER = YES;
				CLANG_WARN_RANGE_LOOP_ANALYSIS = YES;
				CLANG_WARN_STRICT_PROTOTYPES = YES;
				CLANG_WARN_SUSPICIOUS_MOVE = YES;
				CLANG_WARN_UNGUARDED_AVAILABILITY = YES_AGGRESSIVE;
				CLANG_WARN_UNREACHABLE_CODE = YES;
				CLANG_WARN__DUPLICATE_METHOD_MATCH = YES;
				COPY_PHASE_STRIP = NO;
				DEBUG_INFORMATION_FORMAT = dwarf;
				ENABLE_STRICT_OBJC_MSGSEND = YES;
				ENABLE_TESTABILITY = YES;
				GCC_C_LANGUAGE_STANDARD = gnu11;
				GCC_DYNAMIC_NO_PIC = NO;
				GCC_NO_COMMON_BLOCKS = YES;
				GCC_OPTIMIZATION_LEVEL = 0;
				GCC_PREPROCESSOR_DEFINITIONS = (
					"DEBUG=1",
					"$(inherited)",
				);
				GCC_WARN_64_TO_32_BIT_CONVERSION = YES;
				GCC_WARN_ABOUT_RETURN_TYPE = YES_ERROR;
				GCC_WARN_UNDECLARED_SELECTOR = YES;
				GCC_WARN_UNINITIALIZED_AUTOS = YES_AGGRESSIVE;
				GCC_WARN_UNUSED_FUNCTION = YES;
				GCC_WARN_UNUSED_VARIABLE = YES;
				MTL_ENABLE_DEBUG_INFO = INCLUDE_SOURCE;
				MTL_FAST_MATH = YES;
				ONLY_ACTIVE_ARCH = YES;
				SWIFT_ACTIVE_COMPILATION_CONDITIONS = DEBUG;
				SWIFT_OPTIMIZATION_LEVEL = "-Onone";
			};
			name = Debug;
		};
		E6625AED295466E00052864C /* Release */ = {
			isa = XCBuildConfiguration;
			buildSettings = {
				ALWAYS_SEARCH_USER_PATHS = NO;
				CLANG_ANALYZER_NONNULL = YES;
				CLANG_ANALYZER_NUMBER_OBJECT_CONVERSION = YES_AGGRESSIVE;
				CLANG_CXX_LANGUAGE_STANDARD = "gnu++20";
				CLANG_ENABLE_MODULES = YES;
				CLANG_ENABLE_OBJC_ARC = YES;
				CLANG_ENABLE_OBJC_WEAK = YES;
				CLANG_WARN_BLOCK_CAPTURE_AUTORELEASING = YES;
				CLANG_WARN_BOOL_CONVERSION = YES;
				CLANG_WARN_COMMA = YES;
				CLANG_WARN_CONSTANT_CONVERSION = YES;
				CLANG_WARN_DEPRECATED_OBJC_IMPLEMENTATIONS = YES;
				CLANG_WARN_DIRECT_OBJC_ISA_USAGE = YES_ERROR;
				CLANG_WARN_DOCUMENTATION_COMMENTS = YES;
				CLANG_WARN_EMPTY_BODY = YES;
				CLANG_WARN_ENUM_CONVERSION = YES;
				CLANG_WARN_INFINITE_RECURSION = YES;
				CLANG_WARN_INT_CONVERSION = YES;
				CLANG_WARN_NON_LITERAL_NULL_CONVERSION = YES;
				CLANG_WARN_OBJC_IMPLICIT_RETAIN_SELF = YES;
				CLANG_WARN_OBJC_LITERAL_CONVERSION = YES;
				CLANG_WARN_OBJC_ROOT_CLASS = YES_ERROR;
				CLANG_WARN_QUOTED_INCLUDE_IN_FRAMEWORK_HEADER = YES;
				CLANG_WARN_RANGE_LOOP_ANALYSIS = YES;
				CLANG_WARN_STRICT_PROTOTYPES = YES;
				CLANG_WARN_SUSPICIOUS_MOVE = YES;
				CLANG_WARN_UNGUARDED_AVAILABILITY = YES_AGGRESSIVE;
				CLANG_WARN_UNREACHABLE_CODE = YES;
				CLANG_WARN__DUPLICATE_METHOD_MATCH = YES;
				COPY_PHASE_STRIP = NO;
				DEBUG_INFORMATION_FORMAT = "dwarf-with-dsym";
				ENABLE_NS_ASSERTIONS = NO;
				ENABLE_STRICT_OBJC_MSGSEND = YES;
				GCC_C_LANGUAGE_STANDARD = gnu11;
				GCC_NO_COMMON_BLOCKS = YES;
				GCC_WARN_64_TO_32_BIT_CONVERSION = YES;
				GCC_WARN_ABOUT_RETURN_TYPE = YES_ERROR;
				GCC_WARN_UNDECLARED_SELECTOR = YES;
				GCC_WARN_UNINITIALIZED_AUTOS = YES_AGGRESSIVE;
				GCC_WARN_UNUSED_FUNCTION = YES;
				GCC_WARN_UNUSED_VARIABLE = YES;
				MTL_ENABLE_DEBUG_INFO = NO;
				MTL_FAST_MATH = YES;
				SWIFT_COMPILATION_MODE = wholemodule;
				SWIFT_OPTIMIZATION_LEVEL = "-O";
			};
			name = Release;
		};
		E6625AEF295466E00052864C /* Debug */ = {
			isa = XCBuildConfiguration;
			buildSettings = {
				ASSETCATALOG_COMPILER_APPICON_NAME = AppIcon;
				ASSETCATALOG_COMPILER_GLOBAL_ACCENT_COLOR_NAME = AccentColor;
				CODE_SIGN_ENTITLEMENTS = Stravatar/Stravatar.entitlements;
				CODE_SIGN_STYLE = Automatic;
				CURRENT_PROJECT_VERSION = 1;
				DEVELOPMENT_ASSET_PATHS = "\"Stravatar/Preview Content\"";
				DEVELOPMENT_TEAM = XA7W2473SC;
				ENABLE_HARDENED_RUNTIME = YES;
				ENABLE_PREVIEWS = YES;
				GENERATE_INFOPLIST_FILE = YES;
				"INFOPLIST_KEY_UIApplicationSceneManifest_Generation[sdk=iphoneos*]" = YES;
				"INFOPLIST_KEY_UIApplicationSceneManifest_Generation[sdk=iphonesimulator*]" = YES;
				"INFOPLIST_KEY_UIApplicationSupportsIndirectInputEvents[sdk=iphoneos*]" = YES;
				"INFOPLIST_KEY_UIApplicationSupportsIndirectInputEvents[sdk=iphonesimulator*]" = YES;
				"INFOPLIST_KEY_UILaunchScreen_Generation[sdk=iphoneos*]" = YES;
				"INFOPLIST_KEY_UILaunchScreen_Generation[sdk=iphonesimulator*]" = YES;
				"INFOPLIST_KEY_UIStatusBarStyle[sdk=iphoneos*]" = UIStatusBarStyleDefault;
				"INFOPLIST_KEY_UIStatusBarStyle[sdk=iphonesimulator*]" = UIStatusBarStyleDefault;
				INFOPLIST_KEY_UISupportedInterfaceOrientations_iPad = "UIInterfaceOrientationPortrait UIInterfaceOrientationPortraitUpsideDown UIInterfaceOrientationLandscapeLeft UIInterfaceOrientationLandscapeRight";
				INFOPLIST_KEY_UISupportedInterfaceOrientations_iPhone = "UIInterfaceOrientationPortrait UIInterfaceOrientationLandscapeLeft UIInterfaceOrientationLandscapeRight";
				IPHONEOS_DEPLOYMENT_TARGET = 16.1;
				LD_RUNPATH_SEARCH_PATHS = "@executable_path/Frameworks";
				"LD_RUNPATH_SEARCH_PATHS[sdk=macosx*]" = "@executable_path/../Frameworks";
				MACOSX_DEPLOYMENT_TARGET = 12.6;
				MARKETING_VERSION = 1.0;
				PRODUCT_BUNDLE_IDENTIFIER = com.tomislav.eric.Stravatar;
				PRODUCT_NAME = "$(TARGET_NAME)";
				SDKROOT = auto;
				SUPPORTED_PLATFORMS = "iphoneos iphonesimulator macosx";
				SWIFT_EMIT_LOC_STRINGS = YES;
				SWIFT_VERSION = 5.0;
				TARGETED_DEVICE_FAMILY = "1,2";
			};
			name = Debug;
		};
		E6625AF0295466E00052864C /* Release */ = {
			isa = XCBuildConfiguration;
			buildSettings = {
				ASSETCATALOG_COMPILER_APPICON_NAME = AppIcon;
				ASSETCATALOG_COMPILER_GLOBAL_ACCENT_COLOR_NAME = AccentColor;
				CODE_SIGN_ENTITLEMENTS = Stravatar/Stravatar.entitlements;
				CODE_SIGN_STYLE = Automatic;
				CURRENT_PROJECT_VERSION = 1;
				DEVELOPMENT_ASSET_PATHS = "\"Stravatar/Preview Content\"";
				DEVELOPMENT_TEAM = XA7W2473SC;
				ENABLE_HARDENED_RUNTIME = YES;
				ENABLE_PREVIEWS = YES;
				GENERATE_INFOPLIST_FILE = YES;
				"INFOPLIST_KEY_UIApplicationSceneManifest_Generation[sdk=iphoneos*]" = YES;
				"INFOPLIST_KEY_UIApplicationSceneManifest_Generation[sdk=iphonesimulator*]" = YES;
				"INFOPLIST_KEY_UIApplicationSupportsIndirectInputEvents[sdk=iphoneos*]" = YES;
				"INFOPLIST_KEY_UIApplicationSupportsIndirectInputEvents[sdk=iphonesimulator*]" = YES;
				"INFOPLIST_KEY_UILaunchScreen_Generation[sdk=iphoneos*]" = YES;
				"INFOPLIST_KEY_UILaunchScreen_Generation[sdk=iphonesimulator*]" = YES;
				"INFOPLIST_KEY_UIStatusBarStyle[sdk=iphoneos*]" = UIStatusBarStyleDefault;
				"INFOPLIST_KEY_UIStatusBarStyle[sdk=iphonesimulator*]" = UIStatusBarStyleDefault;
				INFOPLIST_KEY_UISupportedInterfaceOrientations_iPad = "UIInterfaceOrientationPortrait UIInterfaceOrientationPortraitUpsideDown UIInterfaceOrientationLandscapeLeft UIInterfaceOrientationLandscapeRight";
				INFOPLIST_KEY_UISupportedInterfaceOrientations_iPhone = "UIInterfaceOrientationPortrait UIInterfaceOrientationLandscapeLeft UIInterfaceOrientationLandscapeRight";
				IPHONEOS_DEPLOYMENT_TARGET = 16.1;
				LD_RUNPATH_SEARCH_PATHS = "@executable_path/Frameworks";
				"LD_RUNPATH_SEARCH_PATHS[sdk=macosx*]" = "@executable_path/../Frameworks";
				MACOSX_DEPLOYMENT_TARGET = 12.6;
				MARKETING_VERSION = 1.0;
				PRODUCT_BUNDLE_IDENTIFIER = com.tomislav.eric.Stravatar;
				PRODUCT_NAME = "$(TARGET_NAME)";
				SDKROOT = auto;
				SUPPORTED_PLATFORMS = "iphoneos iphonesimulator macosx";
				SWIFT_EMIT_LOC_STRINGS = YES;
				SWIFT_VERSION = 5.0;
				TARGETED_DEVICE_FAMILY = "1,2";
			};
			name = Release;
		};
		E6625AF2295466E00052864C /* Debug */ = {
			isa = XCBuildConfiguration;
			buildSettings = {
				ALWAYS_EMBED_SWIFT_STANDARD_LIBRARIES = YES;
				BUNDLE_LOADER = "$(TEST_HOST)";
				CODE_SIGN_STYLE = Automatic;
				CURRENT_PROJECT_VERSION = 1;
				DEVELOPMENT_TEAM = XA7W2473SC;
				GENERATE_INFOPLIST_FILE = YES;
				IPHONEOS_DEPLOYMENT_TARGET = 16.1;
				MACOSX_DEPLOYMENT_TARGET = 12.6;
				MARKETING_VERSION = 1.0;
				PRODUCT_BUNDLE_IDENTIFIER = com.tomislav.eric.StravatarTests;
				PRODUCT_NAME = "$(TARGET_NAME)";
				SDKROOT = auto;
				SUPPORTED_PLATFORMS = "iphoneos iphonesimulator macosx";
				SWIFT_EMIT_LOC_STRINGS = NO;
				SWIFT_VERSION = 5.0;
				TARGETED_DEVICE_FAMILY = "1,2";
				TEST_HOST = "$(BUILT_PRODUCTS_DIR)/Stravatar.app/$(BUNDLE_EXECUTABLE_FOLDER_PATH)/Stravatar";
			};
			name = Debug;
		};
		E6625AF3295466E00052864C /* Release */ = {
			isa = XCBuildConfiguration;
			buildSettings = {
				ALWAYS_EMBED_SWIFT_STANDARD_LIBRARIES = YES;
				BUNDLE_LOADER = "$(TEST_HOST)";
				CODE_SIGN_STYLE = Automatic;
				CURRENT_PROJECT_VERSION = 1;
				DEVELOPMENT_TEAM = XA7W2473SC;
				GENERATE_INFOPLIST_FILE = YES;
				IPHONEOS_DEPLOYMENT_TARGET = 16.1;
				MACOSX_DEPLOYMENT_TARGET = 12.6;
				MARKETING_VERSION = 1.0;
				PRODUCT_BUNDLE_IDENTIFIER = com.tomislav.eric.StravatarTests;
				PRODUCT_NAME = "$(TARGET_NAME)";
				SDKROOT = auto;
				SUPPORTED_PLATFORMS = "iphoneos iphonesimulator macosx";
				SWIFT_EMIT_LOC_STRINGS = NO;
				SWIFT_VERSION = 5.0;
				TARGETED_DEVICE_FAMILY = "1,2";
				TEST_HOST = "$(BUILT_PRODUCTS_DIR)/Stravatar.app/$(BUNDLE_EXECUTABLE_FOLDER_PATH)/Stravatar";
			};
			name = Release;
		};
		E6625AF5295466E00052864C /* Debug */ = {
			isa = XCBuildConfiguration;
			buildSettings = {
				ALWAYS_EMBED_SWIFT_STANDARD_LIBRARIES = YES;
				CODE_SIGN_STYLE = Automatic;
				CURRENT_PROJECT_VERSION = 1;
				DEVELOPMENT_TEAM = XA7W2473SC;
				GENERATE_INFOPLIST_FILE = YES;
				IPHONEOS_DEPLOYMENT_TARGET = 16.1;
				MACOSX_DEPLOYMENT_TARGET = 12.6;
				MARKETING_VERSION = 1.0;
				PRODUCT_BUNDLE_IDENTIFIER = com.tomislav.eric.StravatarUITests;
				PRODUCT_NAME = "$(TARGET_NAME)";
				SDKROOT = auto;
				SUPPORTED_PLATFORMS = "iphoneos iphonesimulator macosx";
				SWIFT_EMIT_LOC_STRINGS = NO;
				SWIFT_VERSION = 5.0;
				TARGETED_DEVICE_FAMILY = "1,2";
				TEST_TARGET_NAME = Stravatar;
			};
			name = Debug;
		};
		E6625AF6295466E00052864C /* Release */ = {
			isa = XCBuildConfiguration;
			buildSettings = {
				ALWAYS_EMBED_SWIFT_STANDARD_LIBRARIES = YES;
				CODE_SIGN_STYLE = Automatic;
				CURRENT_PROJECT_VERSION = 1;
				DEVELOPMENT_TEAM = XA7W2473SC;
				GENERATE_INFOPLIST_FILE = YES;
				IPHONEOS_DEPLOYMENT_TARGET = 16.1;
				MACOSX_DEPLOYMENT_TARGET = 12.6;
				MARKETING_VERSION = 1.0;
				PRODUCT_BUNDLE_IDENTIFIER = com.tomislav.eric.StravatarUITests;
				PRODUCT_NAME = "$(TARGET_NAME)";
				SDKROOT = auto;
				SUPPORTED_PLATFORMS = "iphoneos iphonesimulator macosx";
				SWIFT_EMIT_LOC_STRINGS = NO;
				SWIFT_VERSION = 5.0;
				TARGETED_DEVICE_FAMILY = "1,2";
				TEST_TARGET_NAME = Stravatar;
			};
			name = Release;
		};
/* End XCBuildConfiguration section */

/* Begin XCConfigurationList section */
		E6625AC4295466DE0052864C /* Build configuration list for PBXProject "Stravatar" */ = {
			isa = XCConfigurationList;
			buildConfigurations = (
				E6625AEC295466E00052864C /* Debug */,
				E6625AED295466E00052864C /* Release */,
			);
			defaultConfigurationIsVisible = 0;
			defaultConfigurationName = Release;
		};
		E6625AEE295466E00052864C /* Build configuration list for PBXNativeTarget "Stravatar" */ = {
			isa = XCConfigurationList;
			buildConfigurations = (
				E6625AEF295466E00052864C /* Debug */,
				E6625AF0295466E00052864C /* Release */,
			);
			defaultConfigurationIsVisible = 0;
			defaultConfigurationName = Release;
		};
		E6625AF1295466E00052864C /* Build configuration list for PBXNativeTarget "StravatarTests" */ = {
			isa = XCConfigurationList;
			buildConfigurations = (
				E6625AF2295466E00052864C /* Debug */,
				E6625AF3295466E00052864C /* Release */,
			);
			defaultConfigurationIsVisible = 0;
			defaultConfigurationName = Release;
		};
		E6625AF4295466E00052864C /* Build configuration list for PBXNativeTarget "StravatarUITests" */ = {
			isa = XCConfigurationList;
			buildConfigurations = (
				E6625AF5295466E00052864C /* Debug */,
				E6625AF6295466E00052864C /* Release */,
			);
			defaultConfigurationIsVisible = 0;
			defaultConfigurationName = Release;
		};
/* End XCConfigurationList section */

/* Begin XCRemoteSwiftPackageReference section */
		E6625AF7295467600052864C /* XCRemoteSwiftPackageReference "swift-composable-architecture" */ = {
			isa = XCRemoteSwiftPackageReference;
			repositoryURL = "https://github.com/pointfreeco/swift-composable-architecture";
			requirement = {
				branch = main;
				kind = branch;
			};
		};
/* End XCRemoteSwiftPackageReference section */

/* Begin XCSwiftPackageProductDependency section */
		E6625AF8295467600052864C /* ComposableArchitecture */ = {
			isa = XCSwiftPackageProductDependency;
			package = E6625AF7295467600052864C /* XCRemoteSwiftPackageReference "swift-composable-architecture" */;
			productName = ComposableArchitecture;
		};
		E6625AFA295467600052864C /* Dependencies */ = {
			isa = XCSwiftPackageProductDependency;
			package = E6625AF7295467600052864C /* XCRemoteSwiftPackageReference "swift-composable-architecture" */;
			productName = Dependencies;
		};
/* End XCSwiftPackageProductDependency section */
	};
	rootObject = E6625AC1295466DE0052864C /* Project object */;
}
